
Microsoft Visual Studio Solution File, Format Version 12.00
# Visual Studio 15
VisualStudioVersion = 15.0.26124.0
MinimumVisualStudioVersion = 15.0.26124.0
Project("{FAE04EC0-301F-11D3-BF4B-00C04F79EFBC}") = "Azure.Cosmos.Tables", "src\Azure.Cosmos.Tables.csproj", "{CCFBB896-A10A-4BEC-8255-663C313DD838}"
EndProject
Project("{FAE04EC0-301F-11D3-BF4B-00C04F79EFBC}") = "Azure.Cosmos.Tables.Tests", "tests\Azure.Cosmos.Tables.Tests.csproj", "{0273C6D2-FAE7-448C-9E07-69087BB43E23}"
EndProject
Global
	GlobalSection(SolutionConfigurationPlatforms) = preSolution
		Debug|Any CPU = Debug|Any CPU
		Debug|x64 = Debug|x64
		Debug|x86 = Debug|x86
		Release|Any CPU = Release|Any CPU
		Release|x64 = Release|x64
		Release|x86 = Release|x86
	EndGlobalSection
	GlobalSection(SolutionProperties) = preSolution
		HideSolutionNode = FALSE
	EndGlobalSection
	GlobalSection(ProjectConfigurationPlatforms) = postSolution
		{CCFBB896-A10A-4BEC-8255-663C313DD838}.Debug|Any CPU.ActiveCfg = Debug|Any CPU
		{CCFBB896-A10A-4BEC-8255-663C313DD838}.Debug|Any CPU.Build.0 = Debug|Any CPU
		{CCFBB896-A10A-4BEC-8255-663C313DD838}.Debug|x64.ActiveCfg = Debug|Any CPU
		{CCFBB896-A10A-4BEC-8255-663C313DD838}.Debug|x64.Build.0 = Debug|Any CPU
		{CCFBB896-A10A-4BEC-8255-663C313DD838}.Debug|x86.ActiveCfg = Debug|Any CPU
		{CCFBB896-A10A-4BEC-8255-663C313DD838}.Debug|x86.Build.0 = Debug|Any CPU
		{CCFBB896-A10A-4BEC-8255-663C313DD838}.Release|Any CPU.ActiveCfg = Release|Any CPU
		{CCFBB896-A10A-4BEC-8255-663C313DD838}.Release|Any CPU.Build.0 = Release|Any CPU
		{CCFBB896-A10A-4BEC-8255-663C313DD838}.Release|x64.ActiveCfg = Release|Any CPU
		{CCFBB896-A10A-4BEC-8255-663C313DD838}.Release|x64.Build.0 = Release|Any CPU
		{CCFBB896-A10A-4BEC-8255-663C313DD838}.Release|x86.ActiveCfg = Release|Any CPU
		{CCFBB896-A10A-4BEC-8255-663C313DD838}.Release|x86.Build.0 = Release|Any CPU
		{0273C6D2-FAE7-448C-9E07-69087BB43E23}.Debug|Any CPU.ActiveCfg = Debug|Any CPU
		{0273C6D2-FAE7-448C-9E07-69087BB43E23}.Debug|Any CPU.Build.0 = Debug|Any CPU
		{0273C6D2-FAE7-448C-9E07-69087BB43E23}.Debug|x64.ActiveCfg = Debug|Any CPU
		{0273C6D2-FAE7-448C-9E07-69087BB43E23}.Debug|x64.Build.0 = Debug|Any CPU
		{0273C6D2-FAE7-448C-9E07-69087BB43E23}.Debug|x86.ActiveCfg = Debug|Any CPU
		{0273C6D2-FAE7-448C-9E07-69087BB43E23}.Debug|x86.Build.0 = Debug|Any CPU
		{0273C6D2-FAE7-448C-9E07-69087BB43E23}.Release|Any CPU.ActiveCfg = Release|Any CPU
		{0273C6D2-FAE7-448C-9E07-69087BB43E23}.Release|Any CPU.Build.0 = Release|Any CPU
		{0273C6D2-FAE7-448C-9E07-69087BB43E23}.Release|x64.ActiveCfg = Release|Any CPU
		{0273C6D2-FAE7-448C-9E07-69087BB43E23}.Release|x64.Build.0 = Release|Any CPU
		{0273C6D2-FAE7-448C-9E07-69087BB43E23}.Release|x86.ActiveCfg = Release|Any CPU
		{0273C6D2-FAE7-448C-9E07-69087BB43E23}.Release|x86.Build.0 = Release|Any CPU
	EndGlobalSection
EndGlobal
