
Microsoft Visual Studio Solution File, Format Version 12.00
# Visual Studio Version 16
VisualStudioVersion = 16.0.29211.13
MinimumVisualStudioVersion = 10.0.40219.1
Project("{9A19103F-16F7-4668-BE54-9A1E7A4F7556}") = "LineCounter", "LineCounter.csproj", "{79D5BC2B-BF8C-4D72-A989-2ED0E03A235C}"
EndProject
Project("{9A19103F-16F7-4668-BE54-9A1E7A4F7556}") = "Azure.Storage.Blobs", "..\..\sdk\storage\Azure.Storage.Blobs\src\Azure.Storage.Blobs.csproj", "{1953E707-F7C9-45F3-88CE-769EA17EBB90}"
EndProject
Project("{9A19103F-16F7-4668-BE54-9A1E7A4F7556}") = "Azure.Messaging.EventHubs", "..\..\sdk\eventhub\Azure.Messaging.EventHubs\src\Azure.Messaging.EventHubs.csproj", "{3241DE52-59FA-48ED-A8FA-8506CFDD24E4}"
EndProject
Project("{9A19103F-16F7-4668-BE54-9A1E7A4F7556}") = "Azure.Messaging.EventHubs.Processor", "..\..\sdk\eventhub\Azure.Messaging.EventHubs.Processor\src\Azure.Messaging.EventHubs.Processor.csproj", "{DE0BF238-BA9F-4242-8266-1BEE4027454F}"
EndProject
Project("{9A19103F-16F7-4668-BE54-9A1E7A4F7556}") = "Azure.Monitor.OpenTelemetry.Exporter", "..\..\sdk\monitor\Azure.Monitor.OpenTelemetry.Exporter\src\Azure.Monitor.OpenTelemetry.Exporter.csproj", "{AE030BA1-AE6E-451D-ABE5-8A96768A1963}"
EndProject
Project("{9A19103F-16F7-4668-BE54-9A1E7A4F7556}") = "Microsoft.Extensions.Azure", "..\..\sdk\extensions\Microsoft.Extensions.Azure\src\Microsoft.Extensions.Azure.csproj", "{627985CB-AF67-4D6B-A226-A7AD6D60A406}"
EndProject
Project("{9A19103F-16F7-4668-BE54-9A1E7A4F7556}") = "Azure.Core", "..\..\sdk\core\Azure.Core\src\Azure.Core.csproj", "{A6D66C73-9AA7-457E-8557-733358D51AC1}"
EndProject
Project("{9A19103F-16F7-4668-BE54-9A1E7A4F7556}") = "Azure.Messaging.EventGrid", "..\..\sdk\eventgrid\Azure.Messaging.EventGrid\src\Azure.Messaging.EventGrid.csproj", "{C5456456-6094-4429-873D-F0537B02D4DC}"
EndProject
Global
	GlobalSection(SolutionConfigurationPlatforms) = preSolution
		Debug|Any CPU = Debug|Any CPU
		Release|Any CPU = Release|Any CPU
	EndGlobalSection
	GlobalSection(ProjectConfigurationPlatforms) = postSolution
		{79D5BC2B-BF8C-4D72-A989-2ED0E03A235C}.Debug|Any CPU.ActiveCfg = Debug|Any CPU
		{79D5BC2B-BF8C-4D72-A989-2ED0E03A235C}.Debug|Any CPU.Build.0 = Debug|Any CPU
		{79D5BC2B-BF8C-4D72-A989-2ED0E03A235C}.Release|Any CPU.ActiveCfg = Release|Any CPU
		{79D5BC2B-BF8C-4D72-A989-2ED0E03A235C}.Release|Any CPU.Build.0 = Release|Any CPU
		{1953E707-F7C9-45F3-88CE-769EA17EBB90}.Debug|Any CPU.ActiveCfg = Debug|Any CPU
		{1953E707-F7C9-45F3-88CE-769EA17EBB90}.Debug|Any CPU.Build.0 = Debug|Any CPU
		{1953E707-F7C9-45F3-88CE-769EA17EBB90}.Release|Any CPU.ActiveCfg = Release|Any CPU
		{1953E707-F7C9-45F3-88CE-769EA17EBB90}.Release|Any CPU.Build.0 = Release|Any CPU
		{3241DE52-59FA-48ED-A8FA-8506CFDD24E4}.Debug|Any CPU.ActiveCfg = Debug|Any CPU
		{3241DE52-59FA-48ED-A8FA-8506CFDD24E4}.Debug|Any CPU.Build.0 = Debug|Any CPU
		{3241DE52-59FA-48ED-A8FA-8506CFDD24E4}.Release|Any CPU.ActiveCfg = Release|Any CPU
		{3241DE52-59FA-48ED-A8FA-8506CFDD24E4}.Release|Any CPU.Build.0 = Release|Any CPU
		{DE0BF238-BA9F-4242-8266-1BEE4027454F}.Debug|Any CPU.ActiveCfg = Debug|Any CPU
		{DE0BF238-BA9F-4242-8266-1BEE4027454F}.Debug|Any CPU.Build.0 = Debug|Any CPU
		{DE0BF238-BA9F-4242-8266-1BEE4027454F}.Release|Any CPU.ActiveCfg = Release|Any CPU
		{DE0BF238-BA9F-4242-8266-1BEE4027454F}.Release|Any CPU.Build.0 = Release|Any CPU
		{AE030BA1-AE6E-451D-ABE5-8A96768A1963}.Debug|Any CPU.ActiveCfg = Debug|Any CPU
		{AE030BA1-AE6E-451D-ABE5-8A96768A1963}.Debug|Any CPU.Build.0 = Debug|Any CPU
		{AE030BA1-AE6E-451D-ABE5-8A96768A1963}.Release|Any CPU.ActiveCfg = Release|Any CPU
		{AE030BA1-AE6E-451D-ABE5-8A96768A1963}.Release|Any CPU.Build.0 = Release|Any CPU
		{627985CB-AF67-4D6B-A226-A7AD6D60A406}.Debug|Any CPU.ActiveCfg = Debug|Any CPU
		{627985CB-AF67-4D6B-A226-A7AD6D60A406}.Debug|Any CPU.Build.0 = Debug|Any CPU
		{627985CB-AF67-4D6B-A226-A7AD6D60A406}.Release|Any CPU.ActiveCfg = Release|Any CPU
		{627985CB-AF67-4D6B-A226-A7AD6D60A406}.Release|Any CPU.Build.0 = Release|Any CPU
		{A6D66C73-9AA7-457E-8557-733358D51AC1}.Debug|Any CPU.ActiveCfg = Debug|Any CPU
		{A6D66C73-9AA7-457E-8557-733358D51AC1}.Debug|Any CPU.Build.0 = Debug|Any CPU
		{A6D66C73-9AA7-457E-8557-733358D51AC1}.Release|Any CPU.ActiveCfg = Release|Any CPU
		{A6D66C73-9AA7-457E-8557-733358D51AC1}.Release|Any CPU.Build.0 = Release|Any CPU
		{C5456456-6094-4429-873D-F0537B02D4DC}.Debug|Any CPU.ActiveCfg = Debug|Any CPU
		{C5456456-6094-4429-873D-F0537B02D4DC}.Debug|Any CPU.Build.0 = Debug|Any CPU
		{C5456456-6094-4429-873D-F0537B02D4DC}.Release|Any CPU.ActiveCfg = Release|Any CPU
		{C5456456-6094-4429-873D-F0537B02D4DC}.Release|Any CPU.Build.0 = Release|Any CPU
	EndGlobalSection
	GlobalSection(SolutionProperties) = preSolution
		HideSolutionNode = FALSE
	EndGlobalSection
	GlobalSection(ExtensibilityGlobals) = postSolution
		SolutionGuid = {06322E3F-7D1E-4983-B107-DC3FCF1CB688}
	EndGlobalSection
EndGlobal
